Microsoft Visual Studio Solution File, Format Version 12.00
# Visual Studio 2012
Project("{FAE04EC0-301F-11D3-BF4B-00C04F79EFBC}") = "Cursed Pursuit", "Cursed Pursuit.csproj", "{C83905CC-F7FF-4034-919A-D7A4828D0E35}"
EndProject
Global
	GlobalSection(SolutionConfigurationPlatforms) = preSolution
	Debug|Any CPU = Debug|Any CPU
	ExportDebug|Any CPU = ExportDebug|Any CPU
	ExportRelease|Any CPU = ExportRelease|Any CPU
	EndGlobalSection
	GlobalSection(ProjectConfigurationPlatforms) = postSolution
		{C83905CC-F7FF-4034-919A-D7A4828D0E35}.Debug|Any CPU.ActiveCfg = Debug|Any CPU
		{C83905CC-F7FF-4034-919A-D7A4828D0E35}.Debug|Any CPU.Build.0 = Debug|Any CPU
		{C83905CC-F7FF-4034-919A-D7A4828D0E35}.ExportDebug|Any CPU.ActiveCfg = ExportDebug|Any CPU
		{C83905CC-F7FF-4034-919A-D7A4828D0E35}.ExportDebug|Any CPU.Build.0 = ExportDebug|Any CPU
		{C83905CC-F7FF-4034-919A-D7A4828D0E35}.ExportRelease|Any CPU.ActiveCfg = ExportRelease|Any CPU
		{C83905CC-F7FF-4034-919A-D7A4828D0E35}.ExportRelease|Any CPU.Build.0 = ExportRelease|Any CPU
	EndGlobalSection
EndGlobal
